{
  "nodes": {
    "llakaLib": {
      "inputs": {
        "nixpkgs": [
          "nixpkgs"
        ]
      },
      "locked": {
        "lastModified": 1743434018,
        "narHash": "sha256-Ah4/4Z02L1HrbBpvlrRyC00PAo28z7+bWCmYdsFgAVQ=",
        "owner": "llakala",
        "repo": "llakaLib",
        "rev": "5a1cb1f44b83064abb83355254b4148930955bae",
        "type": "github"
      },
      "original": {
        "owner": "llakala",
        "repo": "llakaLib",
        "type": "github"
      }
    },
    "nixpkgs": {
      "locked": {
        "lastModified": 1743315132,
        "narHash": "sha256-6hl6L/tRnwubHcA4pfUUtk542wn2Om+D4UnDhlDW9BE=",
        "owner": "NixOS",
        "repo": "nixpkgs",
        "rev": "52faf482a3889b7619003c0daec593a1912fddc1",
        "type": "github"
      },
      "original": {
        "owner": "NixOS",
        "ref": "nixos-unstable",
        "repo": "nixpkgs",
        "type": "github"
      }
    },
    "root": {
      "inputs": {
        "llakaLib": "llakaLib",
        "nixpkgs": "nixpkgs"
      }
    }
  },
  "root": "root",
  "version": 7
}
